schema: '2.0'
stages:
  train_model:
    cmd: python src/train_stock_model.py
    deps:
    - path: data/stocks_df.csv
      hash: md5
      md5: b07ed17a774396c5319fa5f701aaa78a
      size: 395768320
    - path: src/train_stock_model.py
      hash: md5
      md5: a625641853d69fc346280c3a3c27a378
      size: 4743
    outs:
    - path: model.pkl
      hash: md5
      md5: 901ebf7fddd4c3f008fb4c3a0689cc5d
      size: 707
  verify_model_output:
    cmd: echo "Verifying model.pkl is tracked"
    deps:
    - path: model.pkl
      hash: md5
      md5: 73d2ea6266780f0c90f2b95ec078e631
      size: 707
  evaluate_model:
    cmd: echo "Evaluating the model"
    deps:
    - path: model.pkl
      hash: md5
      md5: 901ebf7fddd4c3f008fb4c3a0689cc5d
      size: 707
