schema: '2.0'
stages:
  train_model:
    cmd: python src/train_stock_model.py
    deps:
    - path: data/stocks_df.csv
      hash: md5
      md5: 75bc7d18328a47885cd9c7cde0b29cf6
      size: 228772099
    - path: src/train_stock_model.py
      hash: md5
      md5: 8725c394bab8cd5c8a2235edc4485aa6
      size: 6642
    outs:
    - path: model.pkl
      hash: md5
      md5: e452959c1f2b1483cbe8ad5d7eb21867
      size: 588
